
Microsoft Visual Studio Solution File, Format Version 12.00
# Visual Studio Version 17
VisualStudioVersion = 17.9.34616.47
MinimumVisualStudioVersion = 10.0.40219.1
Project("{FAE04EC0-301F-11D3-BF4B-00C04F79EFBC}") = "MLG Breakout", "MLG Breakout\MLG Breakout.csproj", "{1505CAED-C162-4836-80CD-4B39C75D368E}"
EndProject
Global
	GlobalSection(SolutionConfigurationPlatforms) = preSolution
		Debug|Any CPU = Debug|Any CPU
		Release|Any CPU = Release|Any CPU
	EndGlobalSection
	GlobalSection(ProjectConfigurationPlatforms) = postSolution
		{1505CAED-C162-4836-80CD-4B39C75D368E}.Debug|Any CPU.ActiveCfg = Debug|Any CPU
		{1505CAED-C162-4836-80CD-4B39C75D368E}.Debug|Any CPU.Build.0 = Debug|Any CPU
		{1505CAED-C162-4836-80CD-4B39C75D368E}.Release|Any CPU.ActiveCfg = Release|Any CPU
		{1505CAED-C162-4836-80CD-4B39C75D368E}.Release|Any CPU.Build.0 = Release|Any CPU
	EndGlobalSection
	GlobalSection(SolutionProperties) = preSolution
		HideSolutionNode = FALSE
	EndGlobalSection
	GlobalSection(ExtensibilityGlobals) = postSolution
		SolutionGuid = {C09C2AAC-BD66-4C2D-93EC-4A022C1FD7A0}
	EndGlobalSection
EndGlobal
